<?xml version="1.0" encoding="UTF-8" standalone="yes" ?>
<CodeBlocks_project_file>
	<FileVersion major="1" minor="6" />
	<Project>
		<Option title="Data" />
		<Option pch_mode="2" />
		<Option compiler="gcc" />
		<Build>
			<Target title="Debug">
				<Option platforms="Windows;" />
				<Option output="bin/Debug/Data" prefix_auto="1" extension_auto="1" />
				<Option object_output="obj/Debug/" />
				<Option type="0" />
				<Option compiler="gcc" />
				<Option projectLinkerOptionsRelation="2" />
				<Compiler>
					<Add option="-g" />
					<Add option="-D__WXDEBUG__" />
				</Compiler>
				<Linker>
					<Add option="-lurlmon" />
					<Add library="libwxmsw30u.a" />
					<Add library="libwxpng.a" />
					<Add library="libwxjpeg.a" />
					<Add library="libwxtiff.a" />
					<Add library="libwxzlib.a" />
					<Add library="libwininet.a" />
				</Linker>
			</Target>
		</Build>
		<Compiler>
			<Add option="-Wall" />
			<Add option="-pipe" />
			<Add option="-mthreads" />
			<Add option="-D__GNUWIN32__" />
			<Add option="-D__WXMSW__" />
			<Add option="-DwxUSE_UNICODE" />
			<Add directory="$(#wx)/include" />
			<Add directory="$(#wx)/lib/gcc_lib/mswud" />
			<Add directory="." />
		</Compiler>
		<ResourceCompiler>
			<Add directory="$(#wx)/include" />
			<Add directory="$(#wx)/lib/gcc_lib/mswud" />
		</ResourceCompiler>
		<Linker>
			<Add option="-static-libstdc++" />
			<Add option="-static-libgcc" />
			<Add option="-static" />
			<Add option="-mthreads" />
			<Add library="libwxmsw30u.a" />
			<Add library="libwxpng.a" />
			<Add library="libwxjpeg.a" />
			<Add library="libwxtiff.a" />
			<Add library="libwxzlib.a" />
			<Add library="libkernel32.a" />
			<Add library="libuser32.a" />
			<Add library="libgdi32.a" />
			<Add library="libwinspool.a" />
			<Add library="libcomdlg32.a" />
			<Add library="libadvapi32.a" />
			<Add library="libshell32.a" />
			<Add library="libole32.a" />
			<Add library="liboleaut32.a" />
			<Add library="libuuid.a" />
			<Add library="libcomctl32.a" />
			<Add library="libwsock32.a" />
			<Add library="libodbc32.a" />
			<Add library="libuxtheme.a" />
			<Add library="libopenblas.a" />
			<Add library="libshlwapi.a" />
			<Add library="libversion.a" />
			<Add library="liboleacc.a" />
			<Add directory="$(#wx)/lib/gcc_lib" />
			<Add directory="." />
		</Linker>
		<Unit filename="GridDialog.cpp" />
		<Unit filename="GridDialog.h" />
		<Unit filename="data.cbp" />
		<Unit filename="dataMain.cpp" />
		<Unit filename="dataMain.h" />
		<Unit filename="include/FTPdownl.h" />
		<Unit filename="include/angle.h" />
		<Unit filename="include/calcBeidou.h" />
		<Unit filename="include/calcGPS.h" />
		<Unit filename="include/calcGalileo.h" />
		<Unit filename="include/calcGlonass.h" />
		<Unit filename="include/dataApp.h" />
		<Unit filename="include/downlGalileo.h" />
		<Unit filename="include/ephemerids.h" />
		<Unit filename="include/ephemeridsGLNS.h" />
		<Unit filename="include/ephemeridsNOWORk.h" />
		<Unit filename="include/geoc2geod.h" />
		<Unit filename="include/getENU.h" />
		<Unit filename="include/parser.h" />
		<Unit filename="include/parserBeidou.h" />
		<Unit filename="include/parserEphB.h" />
		<Unit filename="include/parserEphGAL.h" />
		<Unit filename="include/parserEphGLNS.h" />
		<Unit filename="include/parserEphGPS.h" />
		<Unit filename="include/parserGLNS.H" />
		<Unit filename="include/parserGPS.H" />
		<Unit filename="include/parserGalileo.h" />
		<Unit filename="include/parserion.H" />
		<Unit filename="include/timeCalc.h" />
		<Unit filename="include/xyz2enu.h" />
		<Unit filename="resource.rc">
			<Option compilerVar="WINDRES" />
		</Unit>
		<Unit filename="src/FTPdownl.cpp" />
		<Unit filename="src/angle.cpp" />
		<Unit filename="src/calcBeidou.cpp" />
		<Unit filename="src/calcGPS.cpp" />
		<Unit filename="src/calcGalileo.cpp" />
		<Unit filename="src/calcGlonass.cpp" />
		<Unit filename="src/dataApp.cpp" />
		<Unit filename="src/downlGalileo.cpp" />
		<Unit filename="src/ephemerids.cpp" />
		<Unit filename="src/ephemeridsGLNS.cpp" />
		<Unit filename="src/ephemeridsNOWORk.cpp" />
		<Unit filename="src/geoc2geod.cpp" />
		<Unit filename="src/getENU.cpp" />
		<Unit filename="src/parser.c">
			<Option compilerVar="CC" />
		</Unit>
		<Unit filename="src/parserBeidou.cpp" />
		<Unit filename="src/parserEphB.c">
			<Option compilerVar="CC" />
		</Unit>
		<Unit filename="src/parserEphGAL.c">
			<Option compilerVar="CC" />
		</Unit>
		<Unit filename="src/parserEphGLNS.c">
			<Option compilerVar="CC" />
		</Unit>
		<Unit filename="src/parserEphGPS.c">
			<Option compilerVar="CC" />
		</Unit>
		<Unit filename="src/parserGLNS.c">
			<Option compilerVar="CC" />
		</Unit>
		<Unit filename="src/parserGPS.c">
			<Option compilerVar="CC" />
		</Unit>
		<Unit filename="src/parserGalileo.cpp" />
		<Unit filename="src/timeCalc.cpp" />
		<Unit filename="src/xyz2enu.cpp" />
		<Unit filename="wxsmith/GridDialog.wxs" />
		<Unit filename="wxsmith/datadialog.wxs" />
		<Extensions>
			<code_completion />
			<envvars />
			<debugger />
			<lib_finder disable_auto="1" />
			<wxsmith version="1">
				<gui name="wxWidgets" src="dataApp.cpp" main="dataDialog" init_handlers="necessary" language="CPP" />
				<resources>
					<wxDialog wxs="wxsmith/datadialog.wxs" src="dataMain.cpp" hdr="dataMain.h" fwddecl="0" i18n="1" name="dataDialog" language="CPP" />
					<wxDialog wxs="wxsmith/GridDialog.wxs" src="GridDialog.cpp" hdr="GridDialog.h" fwddecl="0" i18n="1" name="GridDialog" language="CPP" />
				</resources>
			</wxsmith>
		</Extensions>
	</Project>
</CodeBlocks_project_file>
